github.com/NjiruClinton/tectonic_cards v0.1.0 h1:Q22rGNVQRoNMMs7zBstyEDfa0zrjB3Y18m+Qeux0Hvk=
github.com/NjiruClinton/tectonic_cards v0.1.0/go.mod h1:Ke/NNJ7MjZ3L5DynPQ6NwlPgGqpO5klsSweC6lz8omQ=
golang.org/x/net v0.31.0 h1:68CPQngjLL0r2AlUKiSxtQFKvzRVbnzLwMUn5SzcLHo=
golang.org/x/net v0.31.0/go.mod h1:P4fl1q7dY2hnZFxEk4pPSkDHF+QqjitcnDjUQyMM+pM=
